
Microsoft Visual Studio Solution File, Format Version 11.00
# Visual Studio 2010
Project("{8BC9CEB8-8B4A-11D0-8D11-00A0C91BC942}") = "jpeg-6b", "jpeg-6b\jpeg-6b.vcxproj", "{520B7FCA-D5ED-4553-8146-2E2B936AA362}"
EndProject
Global
	GlobalSection(SolutionConfigurationPlatforms) = preSolution
		Debug|Win32 = Debug|Win32
		Release|Win32 = Release|Win32
	EndGlobalSection
	GlobalSection(ProjectConfigurationPlatforms) = postSolution
		{520B7FCA-D5ED-4553-8146-2E2B936AA362}.Debug|Win32.ActiveCfg = Debug|Win32
		{520B7FCA-D5ED-4553-8146-2E2B936AA362}.Debug|Win32.Build.0 = Debug|Win32
		{520B7FCA-D5ED-4553-8146-2E2B936AA362}.Release|Win32.ActiveCfg = Release|Win32
		{520B7FCA-D5ED-4553-8146-2E2B936AA362}.Release|Win32.Build.0 = Release|Win32
	EndGlobalSection
	GlobalSection(SolutionProperties) = preSolution
		HideSolutionNode = FALSE
	EndGlobalSection
EndGlobal
